uuid: 82ee119a-70c3-4708-8e22-4d8eb3ee63d9
langcode: en
status: true
dependencies:
  module:
    - premium_core
  theme:
    - premium
id: premium_fallbackpageheaderblock
theme: premium
region: pageheader
weight: 0
provider: null
plugin: fallback_page_header_block
settings:
  id: fallback_page_header_block
  label: 'Fallback page header block'
  label_display: '0'
  provider: premium_core
visibility: {  }
